
Microsoft Visual Studio Solution File, Format Version 12.00
# Visual Studio Version 17
VisualStudioVersion = 17.9.34723.18
MinimumVisualStudioVersion = 10.0.40219.1
Project("{FAE04EC0-301F-11D3-BF4B-00C04F79EFBC}") = "ExtensionMethodsDemo_1", "ExtensionMethodsDemo_1.csproj", "{BD0D38F6-18BA-4DA3-9C3B-5B36E454BAF9}"
EndProject
Global
	GlobalSection(SolutionConfigurationPlatforms) = preSolution
		Debug|Any CPU = Debug|Any CPU
		Release|Any CPU = Release|Any CPU
	EndGlobalSection
	GlobalSection(ProjectConfigurationPlatforms) = postSolution
		{BD0D38F6-18BA-4DA3-9C3B-5B36E454BAF9}.Debug|Any CPU.ActiveCfg = Debug|Any CPU
		{BD0D38F6-18BA-4DA3-9C3B-5B36E454BAF9}.Debug|Any CPU.Build.0 = Debug|Any CPU
		{BD0D38F6-18BA-4DA3-9C3B-5B36E454BAF9}.Release|Any CPU.ActiveCfg = Release|Any CPU
		{BD0D38F6-18BA-4DA3-9C3B-5B36E454BAF9}.Release|Any CPU.Build.0 = Release|Any CPU
	EndGlobalSection
	GlobalSection(SolutionProperties) = preSolution
		HideSolutionNode = FALSE
	EndGlobalSection
	GlobalSection(ExtensibilityGlobals) = postSolution
		SolutionGuid = {8BF12D81-EF25-48BE-AC79-945E8FDBB930}
	EndGlobalSection
EndGlobal
